
Microsoft Visual Studio Solution File, Format Version 12.00
# Visual Studio Version 16
VisualStudioVersion = 16.0.29709.97
MinimumVisualStudioVersion = 10.0.40219.1
Project("{8BC9CEB8-8B4A-11D0-8D11-00A0C91BC942}") = "01.Divisors", "01.Divisors\01.Divisors.vcxproj", "{F150D43E-2605-45D7-A39C-2ADCD4D5D824}"
EndProject
Project("{8BC9CEB8-8B4A-11D0-8D11-00A0C91BC942}") = "02.Saw", "02.Saw\02.Saw.vcxproj", "{87450E3C-8232-435E-A1D9-D41BE4198CA7}"
EndProject
Project("{8BC9CEB8-8B4A-11D0-8D11-00A0C91BC942}") = "03.DigitSum", "03.DigitSum\03.DigitSum.vcxproj", "{49AC2809-BD7C-4AE9-A6E1-8639205791E4}"
EndProject
Project("{8BC9CEB8-8B4A-11D0-8D11-00A0C91BC942}") = "04.MissingDigits", "04.MissingDigits\04.MissingDigits.vcxproj", "{3FA359B0-3CE6-4B6A-8C48-2007CBF9A092}"
EndProject
Project("{8BC9CEB8-8B4A-11D0-8D11-00A0C91BC942}") = "06.RemoveDigit", "06.RemoveDigit\06.RemoveDigit.vcxproj", "{A49CBA67-FE68-4823-B47A-3ABEAA4377C1}"
EndProject
Project("{8BC9CEB8-8B4A-11D0-8D11-00A0C91BC942}") = "05.Series", "05.Series\05.Series.vcxproj", "{02372985-C1AB-4552-8FF7-4EEEF05BD50F}"
EndProject
Project("{8BC9CEB8-8B4A-11D0-8D11-00A0C91BC942}") = "07.ReplaceDigit", "07.ReplaceDigit\07.ReplaceDigit.vcxproj", "{CFD87003-EB1B-4D58-BD49-8484885D59E7}"
EndProject
Project("{8BC9CEB8-8B4A-11D0-8D11-00A0C91BC942}") = "08.Mirror", "08.Mirror\08.Mirror.vcxproj", "{CD638E94-506C-4CAC-BF59-3A1CAC86461E}"
EndProject
Project("{8BC9CEB8-8B4A-11D0-8D11-00A0C91BC942}") = "10.Squares", "10.Squares\10.Squares.vcxproj", "{0A395801-F7F2-4EBF-8DBA-4A95606F902D}"
EndProject
Project("{8BC9CEB8-8B4A-11D0-8D11-00A0C91BC942}") = "09.Stars", "09.Stars\09.Stars.vcxproj", "{7C9E0B13-091D-4272-AC3A-1891E050D26F}"
EndProject
Project("{8BC9CEB8-8B4A-11D0-8D11-00A0C91BC942}") = "11.Triangles", "11.Triangles\11.Triangles.vcxproj", "{5FEF3E1E-F219-4232-A473-0DA797C0772B}"
EndProject
Global
	GlobalSection(SolutionConfigurationPlatforms) = preSolution
		Debug|x64 = Debug|x64
		Debug|x86 = Debug|x86
		Release|x64 = Release|x64
		Release|x86 = Release|x86
	EndGlobalSection
	GlobalSection(ProjectConfigurationPlatforms) = postSolution
		{F150D43E-2605-45D7-A39C-2ADCD4D5D824}.Debug|x64.ActiveCfg = Debug|x64
		{F150D43E-2605-45D7-A39C-2ADCD4D5D824}.Debug|x64.Build.0 = Debug|x64
		{F150D43E-2605-45D7-A39C-2ADCD4D5D824}.Debug|x86.ActiveCfg = Debug|Win32
		{F150D43E-2605-45D7-A39C-2ADCD4D5D824}.Debug|x86.Build.0 = Debug|Win32
		{F150D43E-2605-45D7-A39C-2ADCD4D5D824}.Release|x64.ActiveCfg = Release|x64
		{F150D43E-2605-45D7-A39C-2ADCD4D5D824}.Release|x64.Build.0 = Release|x64
		{F150D43E-2605-45D7-A39C-2ADCD4D5D824}.Release|x86.ActiveCfg = Release|Win32
		{F150D43E-2605-45D7-A39C-2ADCD4D5D824}.Release|x86.Build.0 = Release|Win32
		{87450E3C-8232-435E-A1D9-D41BE4198CA7}.Debug|x64.ActiveCfg = Debug|x64
		{87450E3C-8232-435E-A1D9-D41BE4198CA7}.Debug|x64.Build.0 = Debug|x64
		{87450E3C-8232-435E-A1D9-D41BE4198CA7}.Debug|x86.ActiveCfg = Debug|Win32
		{87450E3C-8232-435E-A1D9-D41BE4198CA7}.Debug|x86.Build.0 = Debug|Win32
		{87450E3C-8232-435E-A1D9-D41BE4198CA7}.Release|x64.ActiveCfg = Release|x64
		{87450E3C-8232-435E-A1D9-D41BE4198CA7}.Release|x64.Build.0 = Release|x64
		{87450E3C-8232-435E-A1D9-D41BE4198CA7}.Release|x86.ActiveCfg = Release|Win32
		{87450E3C-8232-435E-A1D9-D41BE4198CA7}.Release|x86.Build.0 = Release|Win32
		{49AC2809-BD7C-4AE9-A6E1-8639205791E4}.Debug|x64.ActiveCfg = Debug|x64
		{49AC2809-BD7C-4AE9-A6E1-8639205791E4}.Debug|x64.Build.0 = Debug|x64
		{49AC2809-BD7C-4AE9-A6E1-8639205791E4}.Debug|x86.ActiveCfg = Debug|Win32
		{49AC2809-BD7C-4AE9-A6E1-8639205791E4}.Debug|x86.Build.0 = Debug|Win32
		{49AC2809-BD7C-4AE9-A6E1-8639205791E4}.Release|x64.ActiveCfg = Release|x64
		{49AC2809-BD7C-4AE9-A6E1-8639205791E4}.Release|x64.Build.0 = Release|x64
		{49AC2809-BD7C-4AE9-A6E1-8639205791E4}.Release|x86.ActiveCfg = Release|Win32
		{49AC2809-BD7C-4AE9-A6E1-8639205791E4}.Release|x86.Build.0 = Release|Win32
		{3FA359B0-3CE6-4B6A-8C48-2007CBF9A092}.Debug|x64.ActiveCfg = Debug|x64
		{3FA359B0-3CE6-4B6A-8C48-2007CBF9A092}.Debug|x64.Build.0 = Debug|x64
		{3FA359B0-3CE6-4B6A-8C48-2007CBF9A092}.Debug|x86.ActiveCfg = Debug|Win32
		{3FA359B0-3CE6-4B6A-8C48-2007CBF9A092}.Debug|x86.Build.0 = Debug|Win32
		{3FA359B0-3CE6-4B6A-8C48-2007CBF9A092}.Release|x64.ActiveCfg = Release|x64
		{3FA359B0-3CE6-4B6A-8C48-2007CBF9A092}.Release|x64.Build.0 = Release|x64
		{3FA359B0-3CE6-4B6A-8C48-2007CBF9A092}.Release|x86.ActiveCfg = Release|Win32
		{3FA359B0-3CE6-4B6A-8C48-2007CBF9A092}.Release|x86.Build.0 = Release|Win32
		{A49CBA67-FE68-4823-B47A-3ABEAA4377C1}.Debug|x64.ActiveCfg = Debug|x64
		{A49CBA67-FE68-4823-B47A-3ABEAA4377C1}.Debug|x64.Build.0 = Debug|x64
		{A49CBA67-FE68-4823-B47A-3ABEAA4377C1}.Debug|x86.ActiveCfg = Debug|Win32
		{A49CBA67-FE68-4823-B47A-3ABEAA4377C1}.Debug|x86.Build.0 = Debug|Win32
		{A49CBA67-FE68-4823-B47A-3ABEAA4377C1}.Release|x64.ActiveCfg = Release|x64
		{A49CBA67-FE68-4823-B47A-3ABEAA4377C1}.Release|x64.Build.0 = Release|x64
		{A49CBA67-FE68-4823-B47A-3ABEAA4377C1}.Release|x86.ActiveCfg = Release|Win32
		{A49CBA67-FE68-4823-B47A-3ABEAA4377C1}.Release|x86.Build.0 = Release|Win32
		{02372985-C1AB-4552-8FF7-4EEEF05BD50F}.Debug|x64.ActiveCfg = Debug|x64
		{02372985-C1AB-4552-8FF7-4EEEF05BD50F}.Debug|x64.Build.0 = Debug|x64
		{02372985-C1AB-4552-8FF7-4EEEF05BD50F}.Debug|x86.ActiveCfg = Debug|Win32
		{02372985-C1AB-4552-8FF7-4EEEF05BD50F}.Debug|x86.Build.0 = Debug|Win32
		{02372985-C1AB-4552-8FF7-4EEEF05BD50F}.Release|x64.ActiveCfg = Release|x64
		{02372985-C1AB-4552-8FF7-4EEEF05BD50F}.Release|x64.Build.0 = Release|x64
		{02372985-C1AB-4552-8FF7-4EEEF05BD50F}.Release|x86.ActiveCfg = Release|Win32
		{02372985-C1AB-4552-8FF7-4EEEF05BD50F}.Release|x86.Build.0 = Release|Win32
		{CFD87003-EB1B-4D58-BD49-8484885D59E7}.Debug|x64.ActiveCfg = Debug|x64
		{CFD87003-EB1B-4D58-BD49-8484885D59E7}.Debug|x64.Build.0 = Debug|x64
		{CFD87003-EB1B-4D58-BD49-8484885D59E7}.Debug|x86.ActiveCfg = Debug|Win32
		{CFD87003-EB1B-4D58-BD49-8484885D59E7}.Debug|x86.Build.0 = Debug|Win32
		{CFD87003-EB1B-4D58-BD49-8484885D59E7}.Release|x64.ActiveCfg = Release|x64
		{CFD87003-EB1B-4D58-BD49-8484885D59E7}.Release|x64.Build.0 = Release|x64
		{CFD87003-EB1B-4D58-BD49-8484885D59E7}.Release|x86.ActiveCfg = Release|Win32
		{CFD87003-EB1B-4D58-BD49-8484885D59E7}.Release|x86.Build.0 = Release|Win32
		{CD638E94-506C-4CAC-BF59-3A1CAC86461E}.Debug|x64.ActiveCfg = Debug|x64
		{CD638E94-506C-4CAC-BF59-3A1CAC86461E}.Debug|x64.Build.0 = Debug|x64
		{CD638E94-506C-4CAC-BF59-3A1CAC86461E}.Debug|x86.ActiveCfg = Debug|Win32
		{CD638E94-506C-4CAC-BF59-3A1CAC86461E}.Debug|x86.Build.0 = Debug|Win32
		{CD638E94-506C-4CAC-BF59-3A1CAC86461E}.Release|x64.ActiveCfg = Release|x64
		{CD638E94-506C-4CAC-BF59-3A1CAC86461E}.Release|x64.Build.0 = Release|x64
		{CD638E94-506C-4CAC-BF59-3A1CAC86461E}.Release|x86.ActiveCfg = Release|Win32
		{CD638E94-506C-4CAC-BF59-3A1CAC86461E}.Release|x86.Build.0 = Release|Win32
		{0A395801-F7F2-4EBF-8DBA-4A95606F902D}.Debug|x64.ActiveCfg = Debug|x64
		{0A395801-F7F2-4EBF-8DBA-4A95606F902D}.Debug|x64.Build.0 = Debug|x64
		{0A395801-F7F2-4EBF-8DBA-4A95606F902D}.Debug|x86.ActiveCfg = Debug|Win32
		{0A395801-F7F2-4EBF-8DBA-4A95606F902D}.Debug|x86.Build.0 = Debug|Win32
		{0A395801-F7F2-4EBF-8DBA-4A95606F902D}.Release|x64.ActiveCfg = Release|x64
		{0A395801-F7F2-4EBF-8DBA-4A95606F902D}.Release|x64.Build.0 = Release|x64
		{0A395801-F7F2-4EBF-8DBA-4A95606F902D}.Release|x86.ActiveCfg = Release|Win32
		{0A395801-F7F2-4EBF-8DBA-4A95606F902D}.Release|x86.Build.0 = Release|Win32
		{7C9E0B13-091D-4272-AC3A-1891E050D26F}.Debug|x64.ActiveCfg = Debug|x64
		{7C9E0B13-091D-4272-AC3A-1891E050D26F}.Debug|x64.Build.0 = Debug|x64
		{7C9E0B13-091D-4272-AC3A-1891E050D26F}.Debug|x86.ActiveCfg = Debug|Win32
		{7C9E0B13-091D-4272-AC3A-1891E050D26F}.Debug|x86.Build.0 = Debug|Win32
		{7C9E0B13-091D-4272-AC3A-1891E050D26F}.Release|x64.ActiveCfg = Release|x64
		{7C9E0B13-091D-4272-AC3A-1891E050D26F}.Release|x64.Build.0 = Release|x64
		{7C9E0B13-091D-4272-AC3A-1891E050D26F}.Release|x86.ActiveCfg = Release|Win32
		{7C9E0B13-091D-4272-AC3A-1891E050D26F}.Release|x86.Build.0 = Release|Win32
		{5FEF3E1E-F219-4232-A473-0DA797C0772B}.Debug|x64.ActiveCfg = Debug|x64
		{5FEF3E1E-F219-4232-A473-0DA797C0772B}.Debug|x64.Build.0 = Debug|x64
		{5FEF3E1E-F219-4232-A473-0DA797C0772B}.Debug|x86.ActiveCfg = Debug|Win32
		{5FEF3E1E-F219-4232-A473-0DA797C0772B}.Debug|x86.Build.0 = Debug|Win32
		{5FEF3E1E-F219-4232-A473-0DA797C0772B}.Release|x64.ActiveCfg = Release|x64
		{5FEF3E1E-F219-4232-A473-0DA797C0772B}.Release|x64.Build.0 = Release|x64
		{5FEF3E1E-F219-4232-A473-0DA797C0772B}.Release|x86.ActiveCfg = Release|Win32
		{5FEF3E1E-F219-4232-A473-0DA797C0772B}.Release|x86.Build.0 = Release|Win32
	EndGlobalSection
	GlobalSection(SolutionProperties) = preSolution
		HideSolutionNode = FALSE
	EndGlobalSection
	GlobalSection(ExtensibilityGlobals) = postSolution
		SolutionGuid = {81B638FE-0A6E-4DCB-81C6-F23BB760D7C7}
	EndGlobalSection
EndGlobal
