
Microsoft Visual Studio Solution File, Format Version 12.00
# Visual Studio Version 16
VisualStudioVersion = 16.0.29709.97
MinimumVisualStudioVersion = 10.0.40219.1
Project("{8BC9CEB8-8B4A-11D0-8D11-00A0C91BC942}") = "01.Task", "01.Task\01.Task.vcxproj", "{988CC124-8560-44EF-821B-EE6221CFC001}"
EndProject
Project("{8BC9CEB8-8B4A-11D0-8D11-00A0C91BC942}") = "02.Task", "02.Task\02.Task.vcxproj", "{60152F73-4444-4CB1-92E6-CB616143EE5D}"
EndProject
Project("{8BC9CEB8-8B4A-11D0-8D11-00A0C91BC942}") = "03.Task", "03.Task\03.Task.vcxproj", "{F7500616-EC84-4675-8FB8-DF43DDDE4CDE}"
EndProject
Project("{8BC9CEB8-8B4A-11D0-8D11-00A0C91BC942}") = "04.Task", "04.Task\04.Task.vcxproj", "{C1250FBD-013A-48E0-8EFC-EF92A6B94699}"
EndProject
Project("{8BC9CEB8-8B4A-11D0-8D11-00A0C91BC942}") = "05.Task", "05.Task\05.Task.vcxproj", "{4FA08265-0570-4C64-9086-49B22E4D316D}"
EndProject
Project("{8BC9CEB8-8B4A-11D0-8D11-00A0C91BC942}") = "06.Task", "06.Task\06.Task.vcxproj", "{E443EA90-8CC3-4454-9CF1-B382F29CB429}"
EndProject
Project("{8BC9CEB8-8B4A-11D0-8D11-00A0C91BC942}") = "07.Task", "07.Task\07.Task.vcxproj", "{FD296B2B-CAAB-43FB-B58A-66CEDF2857AD}"
EndProject
Project("{8BC9CEB8-8B4A-11D0-8D11-00A0C91BC942}") = "08.Task", "08.Task\08.Task.vcxproj", "{D3250B36-DE5F-49D1-980F-0DCE52D9A665}"
EndProject
Project("{8BC9CEB8-8B4A-11D0-8D11-00A0C91BC942}") = "09.Task", "09.Task\09.Task.vcxproj", "{6DEAE671-11AF-4360-B64E-73EB2878F28E}"
EndProject
Project("{8BC9CEB8-8B4A-11D0-8D11-00A0C91BC942}") = "10.Task", "10.Task\10.Task.vcxproj", "{BCC92490-8D7B-4EBA-AF02-BD34402E2C67}"
EndProject
Project("{8BC9CEB8-8B4A-11D0-8D11-00A0C91BC942}") = "11.Task", "11.Task\11.Task.vcxproj", "{01FCDE5F-3658-42A3-895D-985F1FB4B66F}"
EndProject
Project("{8BC9CEB8-8B4A-11D0-8D11-00A0C91BC942}") = "12.Task", "12.Task\12.Task.vcxproj", "{FE8F47C8-65CC-4FB9-B946-2BFF7A128501}"
EndProject
Global
	GlobalSection(SolutionConfigurationPlatforms) = preSolution
		Debug|x64 = Debug|x64
		Debug|x86 = Debug|x86
		Release|x64 = Release|x64
		Release|x86 = Release|x86
	EndGlobalSection
	GlobalSection(ProjectConfigurationPlatforms) = postSolution
		{988CC124-8560-44EF-821B-EE6221CFC001}.Debug|x64.ActiveCfg = Debug|x64
		{988CC124-8560-44EF-821B-EE6221CFC001}.Debug|x64.Build.0 = Debug|x64
		{988CC124-8560-44EF-821B-EE6221CFC001}.Debug|x86.ActiveCfg = Debug|Win32
		{988CC124-8560-44EF-821B-EE6221CFC001}.Debug|x86.Build.0 = Debug|Win32
		{988CC124-8560-44EF-821B-EE6221CFC001}.Release|x64.ActiveCfg = Release|x64
		{988CC124-8560-44EF-821B-EE6221CFC001}.Release|x64.Build.0 = Release|x64
		{988CC124-8560-44EF-821B-EE6221CFC001}.Release|x86.ActiveCfg = Release|Win32
		{988CC124-8560-44EF-821B-EE6221CFC001}.Release|x86.Build.0 = Release|Win32
		{60152F73-4444-4CB1-92E6-CB616143EE5D}.Debug|x64.ActiveCfg = Debug|x64
		{60152F73-4444-4CB1-92E6-CB616143EE5D}.Debug|x64.Build.0 = Debug|x64
		{60152F73-4444-4CB1-92E6-CB616143EE5D}.Debug|x86.ActiveCfg = Debug|Win32
		{60152F73-4444-4CB1-92E6-CB616143EE5D}.Debug|x86.Build.0 = Debug|Win32
		{60152F73-4444-4CB1-92E6-CB616143EE5D}.Release|x64.ActiveCfg = Release|x64
		{60152F73-4444-4CB1-92E6-CB616143EE5D}.Release|x64.Build.0 = Release|x64
		{60152F73-4444-4CB1-92E6-CB616143EE5D}.Release|x86.ActiveCfg = Release|Win32
		{60152F73-4444-4CB1-92E6-CB616143EE5D}.Release|x86.Build.0 = Release|Win32
		{F7500616-EC84-4675-8FB8-DF43DDDE4CDE}.Debug|x64.ActiveCfg = Debug|x64
		{F7500616-EC84-4675-8FB8-DF43DDDE4CDE}.Debug|x64.Build.0 = Debug|x64
		{F7500616-EC84-4675-8FB8-DF43DDDE4CDE}.Debug|x86.ActiveCfg = Debug|Win32
		{F7500616-EC84-4675-8FB8-DF43DDDE4CDE}.Debug|x86.Build.0 = Debug|Win32
		{F7500616-EC84-4675-8FB8-DF43DDDE4CDE}.Release|x64.ActiveCfg = Release|x64
		{F7500616-EC84-4675-8FB8-DF43DDDE4CDE}.Release|x64.Build.0 = Release|x64
		{F7500616-EC84-4675-8FB8-DF43DDDE4CDE}.Release|x86.ActiveCfg = Release|Win32
		{F7500616-EC84-4675-8FB8-DF43DDDE4CDE}.Release|x86.Build.0 = Release|Win32
		{C1250FBD-013A-48E0-8EFC-EF92A6B94699}.Debug|x64.ActiveCfg = Debug|x64
		{C1250FBD-013A-48E0-8EFC-EF92A6B94699}.Debug|x64.Build.0 = Debug|x64
		{C1250FBD-013A-48E0-8EFC-EF92A6B94699}.Debug|x86.ActiveCfg = Debug|Win32
		{C1250FBD-013A-48E0-8EFC-EF92A6B94699}.Debug|x86.Build.0 = Debug|Win32
		{C1250FBD-013A-48E0-8EFC-EF92A6B94699}.Release|x64.ActiveCfg = Release|x64
		{C1250FBD-013A-48E0-8EFC-EF92A6B94699}.Release|x64.Build.0 = Release|x64
		{C1250FBD-013A-48E0-8EFC-EF92A6B94699}.Release|x86.ActiveCfg = Release|Win32
		{C1250FBD-013A-48E0-8EFC-EF92A6B94699}.Release|x86.Build.0 = Release|Win32
		{4FA08265-0570-4C64-9086-49B22E4D316D}.Debug|x64.ActiveCfg = Debug|x64
		{4FA08265-0570-4C64-9086-49B22E4D316D}.Debug|x64.Build.0 = Debug|x64
		{4FA08265-0570-4C64-9086-49B22E4D316D}.Debug|x86.ActiveCfg = Debug|Win32
		{4FA08265-0570-4C64-9086-49B22E4D316D}.Debug|x86.Build.0 = Debug|Win32
		{4FA08265-0570-4C64-9086-49B22E4D316D}.Release|x64.ActiveCfg = Release|x64
		{4FA08265-0570-4C64-9086-49B22E4D316D}.Release|x64.Build.0 = Release|x64
		{4FA08265-0570-4C64-9086-49B22E4D316D}.Release|x86.ActiveCfg = Release|Win32
		{4FA08265-0570-4C64-9086-49B22E4D316D}.Release|x86.Build.0 = Release|Win32
		{E443EA90-8CC3-4454-9CF1-B382F29CB429}.Debug|x64.ActiveCfg = Debug|x64
		{E443EA90-8CC3-4454-9CF1-B382F29CB429}.Debug|x64.Build.0 = Debug|x64
		{E443EA90-8CC3-4454-9CF1-B382F29CB429}.Debug|x86.ActiveCfg = Debug|Win32
		{E443EA90-8CC3-4454-9CF1-B382F29CB429}.Debug|x86.Build.0 = Debug|Win32
		{E443EA90-8CC3-4454-9CF1-B382F29CB429}.Release|x64.ActiveCfg = Release|x64
		{E443EA90-8CC3-4454-9CF1-B382F29CB429}.Release|x64.Build.0 = Release|x64
		{E443EA90-8CC3-4454-9CF1-B382F29CB429}.Release|x86.ActiveCfg = Release|Win32
		{E443EA90-8CC3-4454-9CF1-B382F29CB429}.Release|x86.Build.0 = Release|Win32
		{FD296B2B-CAAB-43FB-B58A-66CEDF2857AD}.Debug|x64.ActiveCfg = Debug|x64
		{FD296B2B-CAAB-43FB-B58A-66CEDF2857AD}.Debug|x64.Build.0 = Debug|x64
		{FD296B2B-CAAB-43FB-B58A-66CEDF2857AD}.Debug|x86.ActiveCfg = Debug|Win32
		{FD296B2B-CAAB-43FB-B58A-66CEDF2857AD}.Debug|x86.Build.0 = Debug|Win32
		{FD296B2B-CAAB-43FB-B58A-66CEDF2857AD}.Release|x64.ActiveCfg = Release|x64
		{FD296B2B-CAAB-43FB-B58A-66CEDF2857AD}.Release|x64.Build.0 = Release|x64
		{FD296B2B-CAAB-43FB-B58A-66CEDF2857AD}.Release|x86.ActiveCfg = Release|Win32
		{FD296B2B-CAAB-43FB-B58A-66CEDF2857AD}.Release|x86.Build.0 = Release|Win32
		{D3250B36-DE5F-49D1-980F-0DCE52D9A665}.Debug|x64.ActiveCfg = Debug|x64
		{D3250B36-DE5F-49D1-980F-0DCE52D9A665}.Debug|x64.Build.0 = Debug|x64
		{D3250B36-DE5F-49D1-980F-0DCE52D9A665}.Debug|x86.ActiveCfg = Debug|Win32
		{D3250B36-DE5F-49D1-980F-0DCE52D9A665}.Debug|x86.Build.0 = Debug|Win32
		{D3250B36-DE5F-49D1-980F-0DCE52D9A665}.Release|x64.ActiveCfg = Release|x64
		{D3250B36-DE5F-49D1-980F-0DCE52D9A665}.Release|x64.Build.0 = Release|x64
		{D3250B36-DE5F-49D1-980F-0DCE52D9A665}.Release|x86.ActiveCfg = Release|Win32
		{D3250B36-DE5F-49D1-980F-0DCE52D9A665}.Release|x86.Build.0 = Release|Win32
		{6DEAE671-11AF-4360-B64E-73EB2878F28E}.Debug|x64.ActiveCfg = Debug|x64
		{6DEAE671-11AF-4360-B64E-73EB2878F28E}.Debug|x64.Build.0 = Debug|x64
		{6DEAE671-11AF-4360-B64E-73EB2878F28E}.Debug|x86.ActiveCfg = Debug|Win32
		{6DEAE671-11AF-4360-B64E-73EB2878F28E}.Debug|x86.Build.0 = Debug|Win32
		{6DEAE671-11AF-4360-B64E-73EB2878F28E}.Release|x64.ActiveCfg = Release|x64
		{6DEAE671-11AF-4360-B64E-73EB2878F28E}.Release|x64.Build.0 = Release|x64
		{6DEAE671-11AF-4360-B64E-73EB2878F28E}.Release|x86.ActiveCfg = Release|Win32
		{6DEAE671-11AF-4360-B64E-73EB2878F28E}.Release|x86.Build.0 = Release|Win32
		{BCC92490-8D7B-4EBA-AF02-BD34402E2C67}.Debug|x64.ActiveCfg = Debug|x64
		{BCC92490-8D7B-4EBA-AF02-BD34402E2C67}.Debug|x64.Build.0 = Debug|x64
		{BCC92490-8D7B-4EBA-AF02-BD34402E2C67}.Debug|x86.ActiveCfg = Debug|Win32
		{BCC92490-8D7B-4EBA-AF02-BD34402E2C67}.Debug|x86.Build.0 = Debug|Win32
		{BCC92490-8D7B-4EBA-AF02-BD34402E2C67}.Release|x64.ActiveCfg = Release|x64
		{BCC92490-8D7B-4EBA-AF02-BD34402E2C67}.Release|x64.Build.0 = Release|x64
		{BCC92490-8D7B-4EBA-AF02-BD34402E2C67}.Release|x86.ActiveCfg = Release|Win32
		{BCC92490-8D7B-4EBA-AF02-BD34402E2C67}.Release|x86.Build.0 = Release|Win32
		{01FCDE5F-3658-42A3-895D-985F1FB4B66F}.Debug|x64.ActiveCfg = Debug|x64
		{01FCDE5F-3658-42A3-895D-985F1FB4B66F}.Debug|x64.Build.0 = Debug|x64
		{01FCDE5F-3658-42A3-895D-985F1FB4B66F}.Debug|x86.ActiveCfg = Debug|Win32
		{01FCDE5F-3658-42A3-895D-985F1FB4B66F}.Debug|x86.Build.0 = Debug|Win32
		{01FCDE5F-3658-42A3-895D-985F1FB4B66F}.Release|x64.ActiveCfg = Release|x64
		{01FCDE5F-3658-42A3-895D-985F1FB4B66F}.Release|x64.Build.0 = Release|x64
		{01FCDE5F-3658-42A3-895D-985F1FB4B66F}.Release|x86.ActiveCfg = Release|Win32
		{01FCDE5F-3658-42A3-895D-985F1FB4B66F}.Release|x86.Build.0 = Release|Win32
		{FE8F47C8-65CC-4FB9-B946-2BFF7A128501}.Debug|x64.ActiveCfg = Debug|x64
		{FE8F47C8-65CC-4FB9-B946-2BFF7A128501}.Debug|x64.Build.0 = Debug|x64
		{FE8F47C8-65CC-4FB9-B946-2BFF7A128501}.Debug|x86.ActiveCfg = Debug|Win32
		{FE8F47C8-65CC-4FB9-B946-2BFF7A128501}.Debug|x86.Build.0 = Debug|Win32
		{FE8F47C8-65CC-4FB9-B946-2BFF7A128501}.Release|x64.ActiveCfg = Release|x64
		{FE8F47C8-65CC-4FB9-B946-2BFF7A128501}.Release|x64.Build.0 = Release|x64
		{FE8F47C8-65CC-4FB9-B946-2BFF7A128501}.Release|x86.ActiveCfg = Release|Win32
		{FE8F47C8-65CC-4FB9-B946-2BFF7A128501}.Release|x86.Build.0 = Release|Win32
	EndGlobalSection
	GlobalSection(SolutionProperties) = preSolution
		HideSolutionNode = FALSE
	EndGlobalSection
	GlobalSection(ExtensibilityGlobals) = postSolution
		SolutionGuid = {5C296027-228D-480A-A71C-308EAC4365F3}
	EndGlobalSection
EndGlobal
