
Microsoft Visual Studio Solution File, Format Version 12.00
# Visual Studio Version 16
VisualStudioVersion = 16.0.29709.97
MinimumVisualStudioVersion = 10.0.40219.1
Project("{8BC9CEB8-8B4A-11D0-8D11-00A0C91BC942}") = "01.Task", "01.Task\01.Task.vcxproj", "{ED8C1255-904D-4ED6-9C16-88648E50322C}"
EndProject
Project("{8BC9CEB8-8B4A-11D0-8D11-00A0C91BC942}") = "02.Task", "02.Task\02.Task.vcxproj", "{F56ED580-9591-46F9-A0F1-CD1330357AED}"
EndProject
Project("{8BC9CEB8-8B4A-11D0-8D11-00A0C91BC942}") = "03.Task", "03.Task\03.Task.vcxproj", "{5AEB257A-BEA4-41CF-A8B0-76F583E4B348}"
EndProject
Project("{8BC9CEB8-8B4A-11D0-8D11-00A0C91BC942}") = "04.Task", "04.Task\04.Task.vcxproj", "{702203F3-0E6A-491B-828C-435A5276298F}"
EndProject
Project("{8BC9CEB8-8B4A-11D0-8D11-00A0C91BC942}") = "07.Task", "07.Task\07.Task.vcxproj", "{3B3CF987-D595-40D1-8974-79EEE4936E08}"
EndProject
Project("{8BC9CEB8-8B4A-11D0-8D11-00A0C91BC942}") = "08.Task", "08.Task\08.Task.vcxproj", "{2A00CA93-D22E-4ECB-B189-8AE26DACB50E}"
EndProject
Project("{8BC9CEB8-8B4A-11D0-8D11-00A0C91BC942}") = "09.Task", "09.Task\09.Task.vcxproj", "{E7814814-DE89-40BA-8E10-AE091708ED79}"
EndProject
Project("{8BC9CEB8-8B4A-11D0-8D11-00A0C91BC942}") = "10.Task", "10.Task\10.Task.vcxproj", "{F09214D5-EA28-4F6B-B661-82D3A589382A}"
EndProject
Project("{8BC9CEB8-8B4A-11D0-8D11-00A0C91BC942}") = "11.Task", "11.Task\11.Task.vcxproj", "{A6AAD6FF-8FFC-4078-B243-C18B09A16C81}"
EndProject
Global
	GlobalSection(SolutionConfigurationPlatforms) = preSolution
		Debug|x64 = Debug|x64
		Debug|x86 = Debug|x86
		Release|x64 = Release|x64
		Release|x86 = Release|x86
	EndGlobalSection
	GlobalSection(ProjectConfigurationPlatforms) = postSolution
		{ED8C1255-904D-4ED6-9C16-88648E50322C}.Debug|x64.ActiveCfg = Debug|x64
		{ED8C1255-904D-4ED6-9C16-88648E50322C}.Debug|x64.Build.0 = Debug|x64
		{ED8C1255-904D-4ED6-9C16-88648E50322C}.Debug|x86.ActiveCfg = Debug|Win32
		{ED8C1255-904D-4ED6-9C16-88648E50322C}.Debug|x86.Build.0 = Debug|Win32
		{ED8C1255-904D-4ED6-9C16-88648E50322C}.Release|x64.ActiveCfg = Release|x64
		{ED8C1255-904D-4ED6-9C16-88648E50322C}.Release|x64.Build.0 = Release|x64
		{ED8C1255-904D-4ED6-9C16-88648E50322C}.Release|x86.ActiveCfg = Release|Win32
		{ED8C1255-904D-4ED6-9C16-88648E50322C}.Release|x86.Build.0 = Release|Win32
		{F56ED580-9591-46F9-A0F1-CD1330357AED}.Debug|x64.ActiveCfg = Debug|x64
		{F56ED580-9591-46F9-A0F1-CD1330357AED}.Debug|x64.Build.0 = Debug|x64
		{F56ED580-9591-46F9-A0F1-CD1330357AED}.Debug|x86.ActiveCfg = Debug|Win32
		{F56ED580-9591-46F9-A0F1-CD1330357AED}.Debug|x86.Build.0 = Debug|Win32
		{F56ED580-9591-46F9-A0F1-CD1330357AED}.Release|x64.ActiveCfg = Release|x64
		{F56ED580-9591-46F9-A0F1-CD1330357AED}.Release|x64.Build.0 = Release|x64
		{F56ED580-9591-46F9-A0F1-CD1330357AED}.Release|x86.ActiveCfg = Release|Win32
		{F56ED580-9591-46F9-A0F1-CD1330357AED}.Release|x86.Build.0 = Release|Win32
		{5AEB257A-BEA4-41CF-A8B0-76F583E4B348}.Debug|x64.ActiveCfg = Debug|x64
		{5AEB257A-BEA4-41CF-A8B0-76F583E4B348}.Debug|x64.Build.0 = Debug|x64
		{5AEB257A-BEA4-41CF-A8B0-76F583E4B348}.Debug|x86.ActiveCfg = Debug|Win32
		{5AEB257A-BEA4-41CF-A8B0-76F583E4B348}.Debug|x86.Build.0 = Debug|Win32
		{5AEB257A-BEA4-41CF-A8B0-76F583E4B348}.Release|x64.ActiveCfg = Release|x64
		{5AEB257A-BEA4-41CF-A8B0-76F583E4B348}.Release|x64.Build.0 = Release|x64
		{5AEB257A-BEA4-41CF-A8B0-76F583E4B348}.Release|x86.ActiveCfg = Release|Win32
		{5AEB257A-BEA4-41CF-A8B0-76F583E4B348}.Release|x86.Build.0 = Release|Win32
		{702203F3-0E6A-491B-828C-435A5276298F}.Debug|x64.ActiveCfg = Debug|x64
		{702203F3-0E6A-491B-828C-435A5276298F}.Debug|x64.Build.0 = Debug|x64
		{702203F3-0E6A-491B-828C-435A5276298F}.Debug|x86.ActiveCfg = Debug|Win32
		{702203F3-0E6A-491B-828C-435A5276298F}.Debug|x86.Build.0 = Debug|Win32
		{702203F3-0E6A-491B-828C-435A5276298F}.Release|x64.ActiveCfg = Release|x64
		{702203F3-0E6A-491B-828C-435A5276298F}.Release|x64.Build.0 = Release|x64
		{702203F3-0E6A-491B-828C-435A5276298F}.Release|x86.ActiveCfg = Release|Win32
		{702203F3-0E6A-491B-828C-435A5276298F}.Release|x86.Build.0 = Release|Win32
		{3B3CF987-D595-40D1-8974-79EEE4936E08}.Debug|x64.ActiveCfg = Debug|x64
		{3B3CF987-D595-40D1-8974-79EEE4936E08}.Debug|x64.Build.0 = Debug|x64
		{3B3CF987-D595-40D1-8974-79EEE4936E08}.Debug|x86.ActiveCfg = Debug|Win32
		{3B3CF987-D595-40D1-8974-79EEE4936E08}.Debug|x86.Build.0 = Debug|Win32
		{3B3CF987-D595-40D1-8974-79EEE4936E08}.Release|x64.ActiveCfg = Release|x64
		{3B3CF987-D595-40D1-8974-79EEE4936E08}.Release|x64.Build.0 = Release|x64
		{3B3CF987-D595-40D1-8974-79EEE4936E08}.Release|x86.ActiveCfg = Release|Win32
		{3B3CF987-D595-40D1-8974-79EEE4936E08}.Release|x86.Build.0 = Release|Win32
		{2A00CA93-D22E-4ECB-B189-8AE26DACB50E}.Debug|x64.ActiveCfg = Debug|x64
		{2A00CA93-D22E-4ECB-B189-8AE26DACB50E}.Debug|x64.Build.0 = Debug|x64
		{2A00CA93-D22E-4ECB-B189-8AE26DACB50E}.Debug|x86.ActiveCfg = Debug|Win32
		{2A00CA93-D22E-4ECB-B189-8AE26DACB50E}.Debug|x86.Build.0 = Debug|Win32
		{2A00CA93-D22E-4ECB-B189-8AE26DACB50E}.Release|x64.ActiveCfg = Release|x64
		{2A00CA93-D22E-4ECB-B189-8AE26DACB50E}.Release|x64.Build.0 = Release|x64
		{2A00CA93-D22E-4ECB-B189-8AE26DACB50E}.Release|x86.ActiveCfg = Release|Win32
		{2A00CA93-D22E-4ECB-B189-8AE26DACB50E}.Release|x86.Build.0 = Release|Win32
		{E7814814-DE89-40BA-8E10-AE091708ED79}.Debug|x64.ActiveCfg = Debug|x64
		{E7814814-DE89-40BA-8E10-AE091708ED79}.Debug|x64.Build.0 = Debug|x64
		{E7814814-DE89-40BA-8E10-AE091708ED79}.Debug|x86.ActiveCfg = Debug|Win32
		{E7814814-DE89-40BA-8E10-AE091708ED79}.Debug|x86.Build.0 = Debug|Win32
		{E7814814-DE89-40BA-8E10-AE091708ED79}.Release|x64.ActiveCfg = Release|x64
		{E7814814-DE89-40BA-8E10-AE091708ED79}.Release|x64.Build.0 = Release|x64
		{E7814814-DE89-40BA-8E10-AE091708ED79}.Release|x86.ActiveCfg = Release|Win32
		{E7814814-DE89-40BA-8E10-AE091708ED79}.Release|x86.Build.0 = Release|Win32
		{F09214D5-EA28-4F6B-B661-82D3A589382A}.Debug|x64.ActiveCfg = Debug|x64
		{F09214D5-EA28-4F6B-B661-82D3A589382A}.Debug|x64.Build.0 = Debug|x64
		{F09214D5-EA28-4F6B-B661-82D3A589382A}.Debug|x86.ActiveCfg = Debug|Win32
		{F09214D5-EA28-4F6B-B661-82D3A589382A}.Debug|x86.Build.0 = Debug|Win32
		{F09214D5-EA28-4F6B-B661-82D3A589382A}.Release|x64.ActiveCfg = Release|x64
		{F09214D5-EA28-4F6B-B661-82D3A589382A}.Release|x64.Build.0 = Release|x64
		{F09214D5-EA28-4F6B-B661-82D3A589382A}.Release|x86.ActiveCfg = Release|Win32
		{F09214D5-EA28-4F6B-B661-82D3A589382A}.Release|x86.Build.0 = Release|Win32
		{A6AAD6FF-8FFC-4078-B243-C18B09A16C81}.Debug|x64.ActiveCfg = Debug|x64
		{A6AAD6FF-8FFC-4078-B243-C18B09A16C81}.Debug|x64.Build.0 = Debug|x64
		{A6AAD6FF-8FFC-4078-B243-C18B09A16C81}.Debug|x86.ActiveCfg = Debug|Win32
		{A6AAD6FF-8FFC-4078-B243-C18B09A16C81}.Debug|x86.Build.0 = Debug|Win32
		{A6AAD6FF-8FFC-4078-B243-C18B09A16C81}.Release|x64.ActiveCfg = Release|x64
		{A6AAD6FF-8FFC-4078-B243-C18B09A16C81}.Release|x64.Build.0 = Release|x64
		{A6AAD6FF-8FFC-4078-B243-C18B09A16C81}.Release|x86.ActiveCfg = Release|Win32
		{A6AAD6FF-8FFC-4078-B243-C18B09A16C81}.Release|x86.Build.0 = Release|Win32
	EndGlobalSection
	GlobalSection(SolutionProperties) = preSolution
		HideSolutionNode = FALSE
	EndGlobalSection
	GlobalSection(ExtensibilityGlobals) = postSolution
		SolutionGuid = {9EBE666B-877F-40DB-B836-148FE3D6538E}
	EndGlobalSection
EndGlobal
