
Microsoft Visual Studio Solution File, Format Version 12.00
# Visual Studio Version 16
VisualStudioVersion = 16.0.29709.97
MinimumVisualStudioVersion = 10.0.40219.1
Project("{8BC9CEB8-8B4A-11D0-8D11-00A0C91BC942}") = "01.Power", "01.Power\01.Power.vcxproj", "{58AE469E-4A34-4C89-B040-E4CECE4F0621}"
EndProject
Project("{8BC9CEB8-8B4A-11D0-8D11-00A0C91BC942}") = "02.Sum", "02.Sum\02.Sum.vcxproj", "{A3F4A913-8614-42AF-A439-2180486EE105}"
EndProject
Project("{8BC9CEB8-8B4A-11D0-8D11-00A0C91BC942}") = "03.SumArray", "03.SumArray\03.SumArray.vcxproj", "{7E230D98-689E-45ED-81DA-3594B3FEEB3B}"
EndProject
Project("{8BC9CEB8-8B4A-11D0-8D11-00A0C91BC942}") = "05.Reverse", "05.Reverse\05.Reverse.vcxproj", "{D56D0182-A268-4B88-B84D-D43D1E512B7A}"
EndProject
Project("{8BC9CEB8-8B4A-11D0-8D11-00A0C91BC942}") = "10.MaxSeq", "10.MaxSeq\10.MaxSeq.vcxproj", "{E1EE85CC-EDA0-451A-A18E-29CEF4CD8BA2}"
EndProject
Project("{8BC9CEB8-8B4A-11D0-8D11-00A0C91BC942}") = "11.ContainsArray", "11.ContainsArray\11.ContainsArray.vcxproj", "{8ECB25F2-B5A1-42A5-AB22-5A2DB8EED2D9}"
EndProject
Project("{8BC9CEB8-8B4A-11D0-8D11-00A0C91BC942}") = "04.PrintInReverse", "04.PrintInReverse\04.PrintInReverse.vcxproj", "{DEB5523C-C363-4F86-BA57-CD601B945868}"
EndProject
Project("{8BC9CEB8-8B4A-11D0-8D11-00A0C91BC942}") = "06.Histogram", "06.Histogram\06.Histogram.vcxproj", "{6004D54F-1B69-46AD-BFF5-E165F6276D5B}"
EndProject
Project("{8BC9CEB8-8B4A-11D0-8D11-00A0C91BC942}") = "07.Palindrome", "07.Palindrome\07.Palindrome.vcxproj", "{8BEBD2E1-3CDD-43D1-A24A-05BAF3A8B08E}"
EndProject
Project("{8BC9CEB8-8B4A-11D0-8D11-00A0C91BC942}") = "08.IntersectionAndDifference", "08.IntersectionAndDifference\08.IntersectionAndDifference.vcxproj", "{63EB648B-AAE2-4B9E-903B-EE44527C3E0C}"
EndProject
Project("{8BC9CEB8-8B4A-11D0-8D11-00A0C91BC942}") = "09.LinearDependance", "09.LinearDependance\09.LinearDependance.vcxproj", "{FF9A7A16-0A71-476C-AE8F-99B892ECB984}"
EndProject
Project("{8BC9CEB8-8B4A-11D0-8D11-00A0C91BC942}") = "12.MergeArrays", "12.MergeArrays\12.MergeArrays.vcxproj", "{7193B04D-71A7-4B4E-968B-594C4098C63C}"
EndProject
Global
	GlobalSection(SolutionConfigurationPlatforms) = preSolution
		Debug|x64 = Debug|x64
		Debug|x86 = Debug|x86
		Release|x64 = Release|x64
		Release|x86 = Release|x86
	EndGlobalSection
	GlobalSection(ProjectConfigurationPlatforms) = postSolution
		{58AE469E-4A34-4C89-B040-E4CECE4F0621}.Debug|x64.ActiveCfg = Debug|x64
		{58AE469E-4A34-4C89-B040-E4CECE4F0621}.Debug|x64.Build.0 = Debug|x64
		{58AE469E-4A34-4C89-B040-E4CECE4F0621}.Debug|x86.ActiveCfg = Debug|Win32
		{58AE469E-4A34-4C89-B040-E4CECE4F0621}.Debug|x86.Build.0 = Debug|Win32
		{58AE469E-4A34-4C89-B040-E4CECE4F0621}.Release|x64.ActiveCfg = Release|x64
		{58AE469E-4A34-4C89-B040-E4CECE4F0621}.Release|x64.Build.0 = Release|x64
		{58AE469E-4A34-4C89-B040-E4CECE4F0621}.Release|x86.ActiveCfg = Release|Win32
		{58AE469E-4A34-4C89-B040-E4CECE4F0621}.Release|x86.Build.0 = Release|Win32
		{A3F4A913-8614-42AF-A439-2180486EE105}.Debug|x64.ActiveCfg = Debug|x64
		{A3F4A913-8614-42AF-A439-2180486EE105}.Debug|x64.Build.0 = Debug|x64
		{A3F4A913-8614-42AF-A439-2180486EE105}.Debug|x86.ActiveCfg = Debug|Win32
		{A3F4A913-8614-42AF-A439-2180486EE105}.Debug|x86.Build.0 = Debug|Win32
		{A3F4A913-8614-42AF-A439-2180486EE105}.Release|x64.ActiveCfg = Release|x64
		{A3F4A913-8614-42AF-A439-2180486EE105}.Release|x64.Build.0 = Release|x64
		{A3F4A913-8614-42AF-A439-2180486EE105}.Release|x86.ActiveCfg = Release|Win32
		{A3F4A913-8614-42AF-A439-2180486EE105}.Release|x86.Build.0 = Release|Win32
		{7E230D98-689E-45ED-81DA-3594B3FEEB3B}.Debug|x64.ActiveCfg = Debug|x64
		{7E230D98-689E-45ED-81DA-3594B3FEEB3B}.Debug|x64.Build.0 = Debug|x64
		{7E230D98-689E-45ED-81DA-3594B3FEEB3B}.Debug|x86.ActiveCfg = Debug|Win32
		{7E230D98-689E-45ED-81DA-3594B3FEEB3B}.Debug|x86.Build.0 = Debug|Win32
		{7E230D98-689E-45ED-81DA-3594B3FEEB3B}.Release|x64.ActiveCfg = Release|x64
		{7E230D98-689E-45ED-81DA-3594B3FEEB3B}.Release|x64.Build.0 = Release|x64
		{7E230D98-689E-45ED-81DA-3594B3FEEB3B}.Release|x86.ActiveCfg = Release|Win32
		{7E230D98-689E-45ED-81DA-3594B3FEEB3B}.Release|x86.Build.0 = Release|Win32
		{D56D0182-A268-4B88-B84D-D43D1E512B7A}.Debug|x64.ActiveCfg = Debug|x64
		{D56D0182-A268-4B88-B84D-D43D1E512B7A}.Debug|x64.Build.0 = Debug|x64
		{D56D0182-A268-4B88-B84D-D43D1E512B7A}.Debug|x86.ActiveCfg = Debug|Win32
		{D56D0182-A268-4B88-B84D-D43D1E512B7A}.Debug|x86.Build.0 = Debug|Win32
		{D56D0182-A268-4B88-B84D-D43D1E512B7A}.Release|x64.ActiveCfg = Release|x64
		{D56D0182-A268-4B88-B84D-D43D1E512B7A}.Release|x64.Build.0 = Release|x64
		{D56D0182-A268-4B88-B84D-D43D1E512B7A}.Release|x86.ActiveCfg = Release|Win32
		{D56D0182-A268-4B88-B84D-D43D1E512B7A}.Release|x86.Build.0 = Release|Win32
		{E1EE85CC-EDA0-451A-A18E-29CEF4CD8BA2}.Debug|x64.ActiveCfg = Debug|x64
		{E1EE85CC-EDA0-451A-A18E-29CEF4CD8BA2}.Debug|x64.Build.0 = Debug|x64
		{E1EE85CC-EDA0-451A-A18E-29CEF4CD8BA2}.Debug|x86.ActiveCfg = Debug|Win32
		{E1EE85CC-EDA0-451A-A18E-29CEF4CD8BA2}.Debug|x86.Build.0 = Debug|Win32
		{E1EE85CC-EDA0-451A-A18E-29CEF4CD8BA2}.Release|x64.ActiveCfg = Release|x64
		{E1EE85CC-EDA0-451A-A18E-29CEF4CD8BA2}.Release|x64.Build.0 = Release|x64
		{E1EE85CC-EDA0-451A-A18E-29CEF4CD8BA2}.Release|x86.ActiveCfg = Release|Win32
		{E1EE85CC-EDA0-451A-A18E-29CEF4CD8BA2}.Release|x86.Build.0 = Release|Win32
		{8ECB25F2-B5A1-42A5-AB22-5A2DB8EED2D9}.Debug|x64.ActiveCfg = Debug|x64
		{8ECB25F2-B5A1-42A5-AB22-5A2DB8EED2D9}.Debug|x64.Build.0 = Debug|x64
		{8ECB25F2-B5A1-42A5-AB22-5A2DB8EED2D9}.Debug|x86.ActiveCfg = Debug|Win32
		{8ECB25F2-B5A1-42A5-AB22-5A2DB8EED2D9}.Debug|x86.Build.0 = Debug|Win32
		{8ECB25F2-B5A1-42A5-AB22-5A2DB8EED2D9}.Release|x64.ActiveCfg = Release|x64
		{8ECB25F2-B5A1-42A5-AB22-5A2DB8EED2D9}.Release|x64.Build.0 = Release|x64
		{8ECB25F2-B5A1-42A5-AB22-5A2DB8EED2D9}.Release|x86.ActiveCfg = Release|Win32
		{8ECB25F2-B5A1-42A5-AB22-5A2DB8EED2D9}.Release|x86.Build.0 = Release|Win32
		{DEB5523C-C363-4F86-BA57-CD601B945868}.Debug|x64.ActiveCfg = Debug|x64
		{DEB5523C-C363-4F86-BA57-CD601B945868}.Debug|x64.Build.0 = Debug|x64
		{DEB5523C-C363-4F86-BA57-CD601B945868}.Debug|x86.ActiveCfg = Debug|Win32
		{DEB5523C-C363-4F86-BA57-CD601B945868}.Debug|x86.Build.0 = Debug|Win32
		{DEB5523C-C363-4F86-BA57-CD601B945868}.Release|x64.ActiveCfg = Release|x64
		{DEB5523C-C363-4F86-BA57-CD601B945868}.Release|x64.Build.0 = Release|x64
		{DEB5523C-C363-4F86-BA57-CD601B945868}.Release|x86.ActiveCfg = Release|Win32
		{DEB5523C-C363-4F86-BA57-CD601B945868}.Release|x86.Build.0 = Release|Win32
		{6004D54F-1B69-46AD-BFF5-E165F6276D5B}.Debug|x64.ActiveCfg = Debug|x64
		{6004D54F-1B69-46AD-BFF5-E165F6276D5B}.Debug|x64.Build.0 = Debug|x64
		{6004D54F-1B69-46AD-BFF5-E165F6276D5B}.Debug|x86.ActiveCfg = Debug|Win32
		{6004D54F-1B69-46AD-BFF5-E165F6276D5B}.Debug|x86.Build.0 = Debug|Win32
		{6004D54F-1B69-46AD-BFF5-E165F6276D5B}.Release|x64.ActiveCfg = Release|x64
		{6004D54F-1B69-46AD-BFF5-E165F6276D5B}.Release|x64.Build.0 = Release|x64
		{6004D54F-1B69-46AD-BFF5-E165F6276D5B}.Release|x86.ActiveCfg = Release|Win32
		{6004D54F-1B69-46AD-BFF5-E165F6276D5B}.Release|x86.Build.0 = Release|Win32
		{8BEBD2E1-3CDD-43D1-A24A-05BAF3A8B08E}.Debug|x64.ActiveCfg = Debug|x64
		{8BEBD2E1-3CDD-43D1-A24A-05BAF3A8B08E}.Debug|x64.Build.0 = Debug|x64
		{8BEBD2E1-3CDD-43D1-A24A-05BAF3A8B08E}.Debug|x86.ActiveCfg = Debug|Win32
		{8BEBD2E1-3CDD-43D1-A24A-05BAF3A8B08E}.Debug|x86.Build.0 = Debug|Win32
		{8BEBD2E1-3CDD-43D1-A24A-05BAF3A8B08E}.Release|x64.ActiveCfg = Release|x64
		{8BEBD2E1-3CDD-43D1-A24A-05BAF3A8B08E}.Release|x64.Build.0 = Release|x64
		{8BEBD2E1-3CDD-43D1-A24A-05BAF3A8B08E}.Release|x86.ActiveCfg = Release|Win32
		{8BEBD2E1-3CDD-43D1-A24A-05BAF3A8B08E}.Release|x86.Build.0 = Release|Win32
		{63EB648B-AAE2-4B9E-903B-EE44527C3E0C}.Debug|x64.ActiveCfg = Debug|x64
		{63EB648B-AAE2-4B9E-903B-EE44527C3E0C}.Debug|x64.Build.0 = Debug|x64
		{63EB648B-AAE2-4B9E-903B-EE44527C3E0C}.Debug|x86.ActiveCfg = Debug|Win32
		{63EB648B-AAE2-4B9E-903B-EE44527C3E0C}.Debug|x86.Build.0 = Debug|Win32
		{63EB648B-AAE2-4B9E-903B-EE44527C3E0C}.Release|x64.ActiveCfg = Release|x64
		{63EB648B-AAE2-4B9E-903B-EE44527C3E0C}.Release|x64.Build.0 = Release|x64
		{63EB648B-AAE2-4B9E-903B-EE44527C3E0C}.Release|x86.ActiveCfg = Release|Win32
		{63EB648B-AAE2-4B9E-903B-EE44527C3E0C}.Release|x86.Build.0 = Release|Win32
		{FF9A7A16-0A71-476C-AE8F-99B892ECB984}.Debug|x64.ActiveCfg = Debug|x64
		{FF9A7A16-0A71-476C-AE8F-99B892ECB984}.Debug|x64.Build.0 = Debug|x64
		{FF9A7A16-0A71-476C-AE8F-99B892ECB984}.Debug|x86.ActiveCfg = Debug|Win32
		{FF9A7A16-0A71-476C-AE8F-99B892ECB984}.Debug|x86.Build.0 = Debug|Win32
		{FF9A7A16-0A71-476C-AE8F-99B892ECB984}.Release|x64.ActiveCfg = Release|x64
		{FF9A7A16-0A71-476C-AE8F-99B892ECB984}.Release|x64.Build.0 = Release|x64
		{FF9A7A16-0A71-476C-AE8F-99B892ECB984}.Release|x86.ActiveCfg = Release|Win32
		{FF9A7A16-0A71-476C-AE8F-99B892ECB984}.Release|x86.Build.0 = Release|Win32
		{7193B04D-71A7-4B4E-968B-594C4098C63C}.Debug|x64.ActiveCfg = Debug|x64
		{7193B04D-71A7-4B4E-968B-594C4098C63C}.Debug|x64.Build.0 = Debug|x64
		{7193B04D-71A7-4B4E-968B-594C4098C63C}.Debug|x86.ActiveCfg = Debug|Win32
		{7193B04D-71A7-4B4E-968B-594C4098C63C}.Debug|x86.Build.0 = Debug|Win32
		{7193B04D-71A7-4B4E-968B-594C4098C63C}.Release|x64.ActiveCfg = Release|x64
		{7193B04D-71A7-4B4E-968B-594C4098C63C}.Release|x64.Build.0 = Release|x64
		{7193B04D-71A7-4B4E-968B-594C4098C63C}.Release|x86.ActiveCfg = Release|Win32
		{7193B04D-71A7-4B4E-968B-594C4098C63C}.Release|x86.Build.0 = Release|Win32
	EndGlobalSection
	GlobalSection(SolutionProperties) = preSolution
		HideSolutionNode = FALSE
	EndGlobalSection
	GlobalSection(ExtensibilityGlobals) = postSolution
		SolutionGuid = {195AB560-700C-43DA-AA2E-6BFE89F6F990}
	EndGlobalSection
EndGlobal
